
Microsoft Visual Studio Solution File, Format Version 12.00
# Visual Studio Version 17
VisualStudioVersion = 17.1.32319.34
MinimumVisualStudioVersion = 10.0.40219.1
Project("{FAE04EC0-301F-11D3-BF4B-00C04F79EFBC}") = "Lab2", "Lab2.csproj", "{A0A51A92-DCF9-4514-90E2-6499BD405F74}"
EndProject
Project("{FAE04EC0-301F-11D3-BF4B-00C04F79EFBC}") = "FiguresLibrary", "..\FiguresLibrary\FiguresLibrary.csproj", "{42ECA05C-1535-4F21-8B28-2FFF8EABD40D}"
EndProject
Global
	GlobalSection(SolutionConfigurationPlatforms) = preSolution
		Debug|Any CPU = Debug|Any CPU
		Release|Any CPU = Release|Any CPU
	EndGlobalSection
	GlobalSection(ProjectConfigurationPlatforms) = postSolution
		{A0A51A92-DCF9-4514-90E2-6499BD405F74}.Debug|Any CPU.ActiveCfg = Debug|Any CPU
		{A0A51A92-DCF9-4514-90E2-6499BD405F74}.Debug|Any CPU.Build.0 = Debug|Any CPU
		{A0A51A92-DCF9-4514-90E2-6499BD405F74}.Release|Any CPU.ActiveCfg = Release|Any CPU
		{A0A51A92-DCF9-4514-90E2-6499BD405F74}.Release|Any CPU.Build.0 = Release|Any CPU
		{42ECA05C-1535-4F21-8B28-2FFF8EABD40D}.Debug|Any CPU.ActiveCfg = Debug|Any CPU
		{42ECA05C-1535-4F21-8B28-2FFF8EABD40D}.Debug|Any CPU.Build.0 = Debug|Any CPU
		{42ECA05C-1535-4F21-8B28-2FFF8EABD40D}.Release|Any CPU.ActiveCfg = Release|Any CPU
		{42ECA05C-1535-4F21-8B28-2FFF8EABD40D}.Release|Any CPU.Build.0 = Release|Any CPU
	EndGlobalSection
	GlobalSection(SolutionProperties) = preSolution
		HideSolutionNode = FALSE
	EndGlobalSection
	GlobalSection(ExtensibilityGlobals) = postSolution
		SolutionGuid = {5CEE7948-ABDF-4D06-8C47-242796A090E2}
	EndGlobalSection
EndGlobal
